
Microsoft Visual Studio Solution File, Format Version 12.00
# Visual Studio Version 17
VisualStudioVersion = 17.8.34511.84
MinimumVisualStudioVersion = 10.0.40219.1
Project("{FAE04EC0-301F-11D3-BF4B-00C04F79EFBC}") = "Tarea2", "Tarea2\Tarea2.csproj", "{4D8F2462-0583-4AC9-9204-5A16880E2740}"
EndProject
Global
	GlobalSection(SolutionConfigurationPlatforms) = preSolution
		Debug|Any CPU = Debug|Any CPU
		Release|Any CPU = Release|Any CPU
	EndGlobalSection
	GlobalSection(ProjectConfigurationPlatforms) = postSolution
		{4D8F2462-0583-4AC9-9204-5A16880E2740}.Debug|Any CPU.ActiveCfg = Debug|Any CPU
		{4D8F2462-0583-4AC9-9204-5A16880E2740}.Debug|Any CPU.Build.0 = Debug|Any CPU
		{4D8F2462-0583-4AC9-9204-5A16880E2740}.Release|Any CPU.ActiveCfg = Release|Any CPU
		{4D8F2462-0583-4AC9-9204-5A16880E2740}.Release|Any CPU.Build.0 = Release|Any CPU
	EndGlobalSection
	GlobalSection(SolutionProperties) = preSolution
		HideSolutionNode = FALSE
	EndGlobalSection
	GlobalSection(ExtensibilityGlobals) = postSolution
		SolutionGuid = {8617164F-6DB4-4672-AF51-9A002784F1F1}
	EndGlobalSection
EndGlobal
